
Microsoft Visual Studio Solution File, Format Version 12.00
# Visual Studio Version 16
VisualStudioVersion = 16.0.29905.134
MinimumVisualStudioVersion = 10.0.40219.1
Project("{F14B399A-7131-4C87-9E4B-1186C45EF12D}") = "Edwin", "Edwin\Edwin.rptproj", "{2DF655A9-EAF3-4939-921D-1832DC78FD16}"
EndProject
Project("{F14B399A-7131-4C87-9E4B-1186C45EF12D}") = "FAFSA", "FAFSA\FAFSA.rptproj", "{AA979E53-D213-4B26-8C17-E6806BA8A157}"
EndProject
Project("{FAE04EC0-301F-11D3-BF4B-00C04F79EFBC}") = "ReportUtils", "ReportUtils\ReportUtils.csproj", "{DB18762A-C57C-41A8-ACF2-298C12425A55}"
EndProject
Global
	GlobalSection(SolutionConfigurationPlatforms) = preSolution
		Debug|Any CPU = Debug|Any CPU
		Debug|ARM = Debug|ARM
		Debug|ARM64 = Debug|ARM64
		Debug|x64 = Debug|x64
		Debug|x86 = Debug|x86
		DebugLocal|Any CPU = DebugLocal|Any CPU
		DebugLocal|ARM = DebugLocal|ARM
		DebugLocal|ARM64 = DebugLocal|ARM64
		DebugLocal|x64 = DebugLocal|x64
		DebugLocal|x86 = DebugLocal|x86
		Release|Any CPU = Release|Any CPU
		Release|ARM = Release|ARM
		Release|ARM64 = Release|ARM64
		Release|x64 = Release|x64
		Release|x86 = Release|x86
	EndGlobalSection
	GlobalSection(ProjectConfigurationPlatforms) = postSolution
		{2DF655A9-EAF3-4939-921D-1832DC78FD16}.Debug|Any CPU.ActiveCfg = Debug
		{2DF655A9-EAF3-4939-921D-1832DC78FD16}.Debug|Any CPU.Build.0 = Debug
		{2DF655A9-EAF3-4939-921D-1832DC78FD16}.Debug|Any CPU.Deploy.0 = Debug
		{2DF655A9-EAF3-4939-921D-1832DC78FD16}.Debug|ARM.ActiveCfg = Debug
		{2DF655A9-EAF3-4939-921D-1832DC78FD16}.Debug|ARM.Build.0 = Debug
		{2DF655A9-EAF3-4939-921D-1832DC78FD16}.Debug|ARM.Deploy.0 = Debug
		{2DF655A9-EAF3-4939-921D-1832DC78FD16}.Debug|ARM64.ActiveCfg = Debug
		{2DF655A9-EAF3-4939-921D-1832DC78FD16}.Debug|ARM64.Build.0 = Debug
		{2DF655A9-EAF3-4939-921D-1832DC78FD16}.Debug|ARM64.Deploy.0 = Debug
		{2DF655A9-EAF3-4939-921D-1832DC78FD16}.Debug|x64.ActiveCfg = Debug
		{2DF655A9-EAF3-4939-921D-1832DC78FD16}.Debug|x64.Build.0 = Debug
		{2DF655A9-EAF3-4939-921D-1832DC78FD16}.Debug|x64.Deploy.0 = Debug
		{2DF655A9-EAF3-4939-921D-1832DC78FD16}.Debug|x86.ActiveCfg = Debug
		{2DF655A9-EAF3-4939-921D-1832DC78FD16}.Debug|x86.Build.0 = Debug
		{2DF655A9-EAF3-4939-921D-1832DC78FD16}.Debug|x86.Deploy.0 = Debug
		{2DF655A9-EAF3-4939-921D-1832DC78FD16}.DebugLocal|Any CPU.ActiveCfg = DebugLocal
		{2DF655A9-EAF3-4939-921D-1832DC78FD16}.DebugLocal|Any CPU.Build.0 = DebugLocal
		{2DF655A9-EAF3-4939-921D-1832DC78FD16}.DebugLocal|Any CPU.Deploy.0 = DebugLocal
		{2DF655A9-EAF3-4939-921D-1832DC78FD16}.DebugLocal|ARM.ActiveCfg = DebugLocal
		{2DF655A9-EAF3-4939-921D-1832DC78FD16}.DebugLocal|ARM.Build.0 = DebugLocal
		{2DF655A9-EAF3-4939-921D-1832DC78FD16}.DebugLocal|ARM.Deploy.0 = DebugLocal
		{2DF655A9-EAF3-4939-921D-1832DC78FD16}.DebugLocal|ARM64.ActiveCfg = DebugLocal
		{2DF655A9-EAF3-4939-921D-1832DC78FD16}.DebugLocal|ARM64.Build.0 = DebugLocal
		{2DF655A9-EAF3-4939-921D-1832DC78FD16}.DebugLocal|ARM64.Deploy.0 = DebugLocal
		{2DF655A9-EAF3-4939-921D-1832DC78FD16}.DebugLocal|x64.ActiveCfg = DebugLocal
		{2DF655A9-EAF3-4939-921D-1832DC78FD16}.DebugLocal|x64.Build.0 = DebugLocal
		{2DF655A9-EAF3-4939-921D-1832DC78FD16}.DebugLocal|x64.Deploy.0 = DebugLocal
		{2DF655A9-EAF3-4939-921D-1832DC78FD16}.DebugLocal|x86.ActiveCfg = DebugLocal
		{2DF655A9-EAF3-4939-921D-1832DC78FD16}.DebugLocal|x86.Build.0 = DebugLocal
		{2DF655A9-EAF3-4939-921D-1832DC78FD16}.DebugLocal|x86.Deploy.0 = DebugLocal
		{2DF655A9-EAF3-4939-921D-1832DC78FD16}.Release|Any CPU.ActiveCfg = Release
		{2DF655A9-EAF3-4939-921D-1832DC78FD16}.Release|Any CPU.Build.0 = Release
		{2DF655A9-EAF3-4939-921D-1832DC78FD16}.Release|Any CPU.Deploy.0 = Release
		{2DF655A9-EAF3-4939-921D-1832DC78FD16}.Release|ARM.ActiveCfg = Release
		{2DF655A9-EAF3-4939-921D-1832DC78FD16}.Release|ARM.Build.0 = Release
		{2DF655A9-EAF3-4939-921D-1832DC78FD16}.Release|ARM.Deploy.0 = Release
		{2DF655A9-EAF3-4939-921D-1832DC78FD16}.Release|ARM64.ActiveCfg = Release
		{2DF655A9-EAF3-4939-921D-1832DC78FD16}.Release|ARM64.Build.0 = Release
		{2DF655A9-EAF3-4939-921D-1832DC78FD16}.Release|ARM64.Deploy.0 = Release
		{2DF655A9-EAF3-4939-921D-1832DC78FD16}.Release|x64.ActiveCfg = Release
		{2DF655A9-EAF3-4939-921D-1832DC78FD16}.Release|x64.Build.0 = Release
		{2DF655A9-EAF3-4939-921D-1832DC78FD16}.Release|x64.Deploy.0 = Release
		{2DF655A9-EAF3-4939-921D-1832DC78FD16}.Release|x86.ActiveCfg = Release
		{2DF655A9-EAF3-4939-921D-1832DC78FD16}.Release|x86.Build.0 = Release
		{2DF655A9-EAF3-4939-921D-1832DC78FD16}.Release|x86.Deploy.0 = Release
		{AA979E53-D213-4B26-8C17-E6806BA8A157}.Debug|Any CPU.ActiveCfg = Debug
		{AA979E53-D213-4B26-8C17-E6806BA8A157}.Debug|Any CPU.Build.0 = Debug
		{AA979E53-D213-4B26-8C17-E6806BA8A157}.Debug|Any CPU.Deploy.0 = Debug
		{AA979E53-D213-4B26-8C17-E6806BA8A157}.Debug|ARM.ActiveCfg = Debug
		{AA979E53-D213-4B26-8C17-E6806BA8A157}.Debug|ARM.Build.0 = Debug
		{AA979E53-D213-4B26-8C17-E6806BA8A157}.Debug|ARM.Deploy.0 = Debug
		{AA979E53-D213-4B26-8C17-E6806BA8A157}.Debug|ARM64.ActiveCfg = Debug
		{AA979E53-D213-4B26-8C17-E6806BA8A157}.Debug|ARM64.Build.0 = Debug
		{AA979E53-D213-4B26-8C17-E6806BA8A157}.Debug|ARM64.Deploy.0 = Debug
		{AA979E53-D213-4B26-8C17-E6806BA8A157}.Debug|x64.ActiveCfg = Debug
		{AA979E53-D213-4B26-8C17-E6806BA8A157}.Debug|x64.Build.0 = Debug
		{AA979E53-D213-4B26-8C17-E6806BA8A157}.Debug|x64.Deploy.0 = Debug
		{AA979E53-D213-4B26-8C17-E6806BA8A157}.Debug|x86.ActiveCfg = Debug
		{AA979E53-D213-4B26-8C17-E6806BA8A157}.Debug|x86.Build.0 = Debug
		{AA979E53-D213-4B26-8C17-E6806BA8A157}.Debug|x86.Deploy.0 = Debug
		{AA979E53-D213-4B26-8C17-E6806BA8A157}.DebugLocal|Any CPU.ActiveCfg = DebugLocal
		{AA979E53-D213-4B26-8C17-E6806BA8A157}.DebugLocal|Any CPU.Build.0 = DebugLocal
		{AA979E53-D213-4B26-8C17-E6806BA8A157}.DebugLocal|Any CPU.Deploy.0 = DebugLocal
		{AA979E53-D213-4B26-8C17-E6806BA8A157}.DebugLocal|ARM.ActiveCfg = DebugLocal
		{AA979E53-D213-4B26-8C17-E6806BA8A157}.DebugLocal|ARM.Build.0 = DebugLocal
		{AA979E53-D213-4B26-8C17-E6806BA8A157}.DebugLocal|ARM.Deploy.0 = DebugLocal
		{AA979E53-D213-4B26-8C17-E6806BA8A157}.DebugLocal|ARM64.ActiveCfg = DebugLocal
		{AA979E53-D213-4B26-8C17-E6806BA8A157}.DebugLocal|ARM64.Build.0 = DebugLocal
		{AA979E53-D213-4B26-8C17-E6806BA8A157}.DebugLocal|ARM64.Deploy.0 = DebugLocal
		{AA979E53-D213-4B26-8C17-E6806BA8A157}.DebugLocal|x64.ActiveCfg = DebugLocal
		{AA979E53-D213-4B26-8C17-E6806BA8A157}.DebugLocal|x64.Build.0 = DebugLocal
		{AA979E53-D213-4B26-8C17-E6806BA8A157}.DebugLocal|x64.Deploy.0 = DebugLocal
		{AA979E53-D213-4B26-8C17-E6806BA8A157}.DebugLocal|x86.ActiveCfg = DebugLocal
		{AA979E53-D213-4B26-8C17-E6806BA8A157}.DebugLocal|x86.Build.0 = DebugLocal
		{AA979E53-D213-4B26-8C17-E6806BA8A157}.DebugLocal|x86.Deploy.0 = DebugLocal
		{AA979E53-D213-4B26-8C17-E6806BA8A157}.Release|Any CPU.ActiveCfg = Release
		{AA979E53-D213-4B26-8C17-E6806BA8A157}.Release|Any CPU.Build.0 = Release
		{AA979E53-D213-4B26-8C17-E6806BA8A157}.Release|Any CPU.Deploy.0 = Release
		{AA979E53-D213-4B26-8C17-E6806BA8A157}.Release|ARM.ActiveCfg = Release
		{AA979E53-D213-4B26-8C17-E6806BA8A157}.Release|ARM.Build.0 = Release
		{AA979E53-D213-4B26-8C17-E6806BA8A157}.Release|ARM.Deploy.0 = Release
		{AA979E53-D213-4B26-8C17-E6806BA8A157}.Release|ARM64.ActiveCfg = Release
		{AA979E53-D213-4B26-8C17-E6806BA8A157}.Release|ARM64.Build.0 = Release
		{AA979E53-D213-4B26-8C17-E6806BA8A157}.Release|ARM64.Deploy.0 = Release
		{AA979E53-D213-4B26-8C17-E6806BA8A157}.Release|x64.ActiveCfg = Release
		{AA979E53-D213-4B26-8C17-E6806BA8A157}.Release|x64.Build.0 = Release
		{AA979E53-D213-4B26-8C17-E6806BA8A157}.Release|x64.Deploy.0 = Release
		{AA979E53-D213-4B26-8C17-E6806BA8A157}.Release|x86.ActiveCfg = Release
		{AA979E53-D213-4B26-8C17-E6806BA8A157}.Release|x86.Build.0 = Release
		{AA979E53-D213-4B26-8C17-E6806BA8A157}.Release|x86.Deploy.0 = Release
		{DB18762A-C57C-41A8-ACF2-298C12425A55}.Debug|Any CPU.ActiveCfg = Debug|Any CPU
		{DB18762A-C57C-41A8-ACF2-298C12425A55}.Debug|Any CPU.Build.0 = Debug|Any CPU
		{DB18762A-C57C-41A8-ACF2-298C12425A55}.Debug|ARM.ActiveCfg = Debug|ARM
		{DB18762A-C57C-41A8-ACF2-298C12425A55}.Debug|ARM.Build.0 = Debug|ARM
		{DB18762A-C57C-41A8-ACF2-298C12425A55}.Debug|ARM64.ActiveCfg = Debug|ARM64
		{DB18762A-C57C-41A8-ACF2-298C12425A55}.Debug|ARM64.Build.0 = Debug|ARM64
		{DB18762A-C57C-41A8-ACF2-298C12425A55}.Debug|x64.ActiveCfg = Debug|x64
		{DB18762A-C57C-41A8-ACF2-298C12425A55}.Debug|x64.Build.0 = Debug|x64
		{DB18762A-C57C-41A8-ACF2-298C12425A55}.Debug|x86.ActiveCfg = Debug|x86
		{DB18762A-C57C-41A8-ACF2-298C12425A55}.Debug|x86.Build.0 = Debug|x86
		{DB18762A-C57C-41A8-ACF2-298C12425A55}.DebugLocal|Any CPU.ActiveCfg = Debug|Any CPU
		{DB18762A-C57C-41A8-ACF2-298C12425A55}.DebugLocal|Any CPU.Build.0 = Debug|Any CPU
		{DB18762A-C57C-41A8-ACF2-298C12425A55}.DebugLocal|ARM.ActiveCfg = Debug|ARM
		{DB18762A-C57C-41A8-ACF2-298C12425A55}.DebugLocal|ARM.Build.0 = Debug|ARM
		{DB18762A-C57C-41A8-ACF2-298C12425A55}.DebugLocal|ARM64.ActiveCfg = Debug|ARM64
		{DB18762A-C57C-41A8-ACF2-298C12425A55}.DebugLocal|ARM64.Build.0 = Debug|ARM64
		{DB18762A-C57C-41A8-ACF2-298C12425A55}.DebugLocal|x64.ActiveCfg = Debug|x64
		{DB18762A-C57C-41A8-ACF2-298C12425A55}.DebugLocal|x64.Build.0 = Debug|x64
		{DB18762A-C57C-41A8-ACF2-298C12425A55}.DebugLocal|x86.ActiveCfg = Debug|x86
		{DB18762A-C57C-41A8-ACF2-298C12425A55}.DebugLocal|x86.Build.0 = Debug|x86
		{DB18762A-C57C-41A8-ACF2-298C12425A55}.Release|Any CPU.ActiveCfg = Release|Any CPU
		{DB18762A-C57C-41A8-ACF2-298C12425A55}.Release|Any CPU.Build.0 = Release|Any CPU
		{DB18762A-C57C-41A8-ACF2-298C12425A55}.Release|ARM.ActiveCfg = Release|ARM
		{DB18762A-C57C-41A8-ACF2-298C12425A55}.Release|ARM.Build.0 = Release|ARM
		{DB18762A-C57C-41A8-ACF2-298C12425A55}.Release|ARM64.ActiveCfg = Release|ARM64
		{DB18762A-C57C-41A8-ACF2-298C12425A55}.Release|ARM64.Build.0 = Release|ARM64
		{DB18762A-C57C-41A8-ACF2-298C12425A55}.Release|x64.ActiveCfg = Release|x64
		{DB18762A-C57C-41A8-ACF2-298C12425A55}.Release|x64.Build.0 = Release|x64
		{DB18762A-C57C-41A8-ACF2-298C12425A55}.Release|x86.ActiveCfg = Release|x86
		{DB18762A-C57C-41A8-ACF2-298C12425A55}.Release|x86.Build.0 = Release|x86
	EndGlobalSection
	GlobalSection(SolutionProperties) = preSolution
		HideSolutionNode = FALSE
	EndGlobalSection
	GlobalSection(ExtensibilityGlobals) = postSolution
		SolutionGuid = {EFA7EEA9-FBDF-4908-A8DD-5BE4CC7E2EE9}
	EndGlobalSection
EndGlobal
